<?xml version="1.0" encoding="UTF-8"?>
<CodeBlocks_project_file>
	<FileVersion major="1" minor="6"/>
	<Project>
		<Option title="TRABAJOFINAL"/>
		<Option makefile_is_custom="1"/>
		<Option compiler="gcc"/>
		<Option virtualFolders="CMake Files\;"/>
		<Build>
			<Target title="all">
				<Option working_dir="C:/Users/HP/CLionProjects/POO/TrabajoFinal/cmake-build-debug"/>
				<Option type="4"/>
				<MakeCommands>
					<Build command="D:/MinGW/bin/mingw32-make.exe -f &quot;C:/Users/HP/CLionProjects/POO/TrabajoFinal/cmake-build-debug/Makefile&quot;  VERBOSE=1 all"/>
					<CompileFile command="D:/MinGW/bin/mingw32-make.exe -f &quot;C:/Users/HP/CLionProjects/POO/TrabajoFinal/cmake-build-debug/Makefile&quot;  VERBOSE=1 &quot;$file&quot;"/>
					<Clean command="D:/MinGW/bin/mingw32-make.exe -f &quot;C:/Users/HP/CLionProjects/POO/TrabajoFinal/cmake-build-debug/Makefile&quot;  VERBOSE=1 clean"/>
					<DistClean command="D:/MinGW/bin/mingw32-make.exe -f &quot;C:/Users/HP/CLionProjects/POO/TrabajoFinal/cmake-build-debug/Makefile&quot;  VERBOSE=1 clean"/>
				</MakeCommands>
			</Target>
			<Target title="edit_cache">
				<Option working_dir="C:/Users/HP/CLionProjects/POO/TrabajoFinal/cmake-build-debug"/>
				<Option type="4"/>
				<MakeCommands>
					<Build command="D:/MinGW/bin/mingw32-make.exe -f &quot;C:/Users/HP/CLionProjects/POO/TrabajoFinal/cmake-build-debug/Makefile&quot;  VERBOSE=1 edit_cache"/>
					<CompileFile command="D:/MinGW/bin/mingw32-make.exe -f &quot;C:/Users/HP/CLionProjects/POO/TrabajoFinal/cmake-build-debug/Makefile&quot;  VERBOSE=1 &quot;$file&quot;"/>
					<Clean command="D:/MinGW/bin/mingw32-make.exe -f &quot;C:/Users/HP/CLionProjects/POO/TrabajoFinal/cmake-build-debug/Makefile&quot;  VERBOSE=1 clean"/>
					<DistClean command="D:/MinGW/bin/mingw32-make.exe -f &quot;C:/Users/HP/CLionProjects/POO/TrabajoFinal/cmake-build-debug/Makefile&quot;  VERBOSE=1 clean"/>
				</MakeCommands>
			</Target>
			<Target title="TRABAJOFINAL">
				<Option output="C:/Users/HP/CLionProjects/POO/TrabajoFinal/cmake-build-debug/TRABAJOFINAL.exe" prefix_auto="0" extension_auto="0"/>
				<Option working_dir="C:/Users/HP/CLionProjects/POO/TrabajoFinal/cmake-build-debug"/>
				<Option object_output="./"/>
				<Option type="1"/>
				<Option compiler="gcc"/>
				<Compiler>
					<Add directory="D:/MinGW/include"/>
					<Add directory="d:\mingw\bin\../lib64/gcc/x86_64-w64-mingw32/4.8.3/../../../../include/c++/4.8.3"/>
					<Add directory="d:\mingw\bin\../lib64/gcc/x86_64-w64-mingw32/4.8.3/../../../../include/c++/4.8.3/x86_64-w64-mingw32"/>
					<Add directory="d:\mingw\bin\../lib64/gcc/x86_64-w64-mingw32/4.8.3/../../../../include/c++/4.8.3/backward"/>
					<Add directory="d:\mingw\bin\../lib64/gcc/x86_64-w64-mingw32/4.8.3/include"/>
					<Add directory="d:\mingw\bin\../lib64/gcc/x86_64-w64-mingw32/4.8.3/include-fixed"/>
					<Add directory="d:\mingw\bin\../lib64/gcc/x86_64-w64-mingw32/4.8.3/../../../../x86_64-w64-mingw32/include"/>
				</Compiler>
				<MakeCommands>
					<Build command="D:/MinGW/bin/mingw32-make.exe -f &quot;C:/Users/HP/CLionProjects/POO/TrabajoFinal/cmake-build-debug/Makefile&quot;  VERBOSE=1 TRABAJOFINAL"/>
					<CompileFile command="D:/MinGW/bin/mingw32-make.exe -f &quot;C:/Users/HP/CLionProjects/POO/TrabajoFinal/cmake-build-debug/Makefile&quot;  VERBOSE=1 &quot;$file&quot;"/>
					<Clean command="D:/MinGW/bin/mingw32-make.exe -f &quot;C:/Users/HP/CLionProjects/POO/TrabajoFinal/cmake-build-debug/Makefile&quot;  VERBOSE=1 clean"/>
					<DistClean command="D:/MinGW/bin/mingw32-make.exe -f &quot;C:/Users/HP/CLionProjects/POO/TrabajoFinal/cmake-build-debug/Makefile&quot;  VERBOSE=1 clean"/>
				</MakeCommands>
			</Target>
			<Target title="TRABAJOFINAL/fast">
				<Option output="C:/Users/HP/CLionProjects/POO/TrabajoFinal/cmake-build-debug/TRABAJOFINAL.exe" prefix_auto="0" extension_auto="0"/>
				<Option working_dir="C:/Users/HP/CLionProjects/POO/TrabajoFinal/cmake-build-debug"/>
				<Option object_output="./"/>
				<Option type="1"/>
				<Option compiler="gcc"/>
				<Compiler>
					<Add directory="D:/MinGW/include"/>
					<Add directory="d:\mingw\bin\../lib64/gcc/x86_64-w64-mingw32/4.8.3/../../../../include/c++/4.8.3"/>
					<Add directory="d:\mingw\bin\../lib64/gcc/x86_64-w64-mingw32/4.8.3/../../../../include/c++/4.8.3/x86_64-w64-mingw32"/>
					<Add directory="d:\mingw\bin\../lib64/gcc/x86_64-w64-mingw32/4.8.3/../../../../include/c++/4.8.3/backward"/>
					<Add directory="d:\mingw\bin\../lib64/gcc/x86_64-w64-mingw32/4.8.3/include"/>
					<Add directory="d:\mingw\bin\../lib64/gcc/x86_64-w64-mingw32/4.8.3/include-fixed"/>
					<Add directory="d:\mingw\bin\../lib64/gcc/x86_64-w64-mingw32/4.8.3/../../../../x86_64-w64-mingw32/include"/>
				</Compiler>
				<MakeCommands>
					<Build command="D:/MinGW/bin/mingw32-make.exe -f &quot;C:/Users/HP/CLionProjects/POO/TrabajoFinal/cmake-build-debug/Makefile&quot;  VERBOSE=1 TRABAJOFINAL/fast"/>
					<CompileFile command="D:/MinGW/bin/mingw32-make.exe -f &quot;C:/Users/HP/CLionProjects/POO/TrabajoFinal/cmake-build-debug/Makefile&quot;  VERBOSE=1 &quot;$file&quot;"/>
					<Clean command="D:/MinGW/bin/mingw32-make.exe -f &quot;C:/Users/HP/CLionProjects/POO/TrabajoFinal/cmake-build-debug/Makefile&quot;  VERBOSE=1 clean"/>
					<DistClean command="D:/MinGW/bin/mingw32-make.exe -f &quot;C:/Users/HP/CLionProjects/POO/TrabajoFinal/cmake-build-debug/Makefile&quot;  VERBOSE=1 clean"/>
				</MakeCommands>
			</Target>
			<Target title="rebuild_cache">
				<Option working_dir="C:/Users/HP/CLionProjects/POO/TrabajoFinal/cmake-build-debug"/>
				<Option type="4"/>
				<MakeCommands>
					<Build command="D:/MinGW/bin/mingw32-make.exe -f &quot;C:/Users/HP/CLionProjects/POO/TrabajoFinal/cmake-build-debug/Makefile&quot;  VERBOSE=1 rebuild_cache"/>
					<CompileFile command="D:/MinGW/bin/mingw32-make.exe -f &quot;C:/Users/HP/CLionProjects/POO/TrabajoFinal/cmake-build-debug/Makefile&quot;  VERBOSE=1 &quot;$file&quot;"/>
					<Clean command="D:/MinGW/bin/mingw32-make.exe -f &quot;C:/Users/HP/CLionProjects/POO/TrabajoFinal/cmake-build-debug/Makefile&quot;  VERBOSE=1 clean"/>
					<DistClean command="D:/MinGW/bin/mingw32-make.exe -f &quot;C:/Users/HP/CLionProjects/POO/TrabajoFinal/cmake-build-debug/Makefile&quot;  VERBOSE=1 clean"/>
				</MakeCommands>
			</Target>
		</Build>
		<Unit filename="C:/Users/HP/CLionProjects/POO/TrabajoFinal/Editor.cpp">
			<Option target="TRABAJOFINAL"/>
		</Unit>
		<Unit filename="C:/Users/HP/CLionProjects/POO/TrabajoFinal/Editor.h">
			<Option target="TRABAJOFINAL"/>
		</Unit>
		<Unit filename="C:/Users/HP/CLionProjects/POO/TrabajoFinal/main.cpp">
			<Option target="TRABAJOFINAL"/>
		</Unit>
		<Unit filename="C:/Users/HP/CLionProjects/POO/TrabajoFinal/CMakeLists.txt">
			<Option virtualFolder="CMake Files\"/>
		</Unit>
	</Project>
</CodeBlocks_project_file>
